
Microsoft Visual Studio Solution File, Format Version 12.00
# Visual Studio Version 17
VisualStudioVersion = 17.5.33516.290
MinimumVisualStudioVersion = 10.0.40219.1
Project("{8BC9CEB8-8B4A-11D0-8D11-00A0C91BC942}") = "Klasy potomne po Shape", "Klasy potomne po Shape.vcxproj", "{B44CCF88-CD3C-4D2E-89F1-9AA685949E69}"
EndProject
Global
	GlobalSection(SolutionConfigurationPlatforms) = preSolution
		Debug|x64 = Debug|x64
		Debug|x86 = Debug|x86
		Release|x64 = Release|x64
		Release|x86 = Release|x86
	EndGlobalSection
	GlobalSection(ProjectConfigurationPlatforms) = postSolution
		{B44CCF88-CD3C-4D2E-89F1-9AA685949E69}.Debug|x64.ActiveCfg = Debug|x64
		{B44CCF88-CD3C-4D2E-89F1-9AA685949E69}.Debug|x64.Build.0 = Debug|x64
		{B44CCF88-CD3C-4D2E-89F1-9AA685949E69}.Debug|x86.ActiveCfg = Debug|Win32
		{B44CCF88-CD3C-4D2E-89F1-9AA685949E69}.Debug|x86.Build.0 = Debug|Win32
		{B44CCF88-CD3C-4D2E-89F1-9AA685949E69}.Release|x64.ActiveCfg = Release|x64
		{B44CCF88-CD3C-4D2E-89F1-9AA685949E69}.Release|x64.Build.0 = Release|x64
		{B44CCF88-CD3C-4D2E-89F1-9AA685949E69}.Release|x86.ActiveCfg = Release|Win32
		{B44CCF88-CD3C-4D2E-89F1-9AA685949E69}.Release|x86.Build.0 = Release|Win32
	EndGlobalSection
	GlobalSection(SolutionProperties) = preSolution
		HideSolutionNode = FALSE
	EndGlobalSection
	GlobalSection(ExtensibilityGlobals) = postSolution
		SolutionGuid = {59C147CB-D489-4CAC-A865-84AF21CF7328}
	EndGlobalSection
EndGlobal
